Microsoft Visual Studio Solution File, Format Version 12.00
# Visual Studio 15
VisualStudioVersion = 15.0.26711.1
MinimumVisualStudioVersion = 10.0.40219.1
Project("{FAE04EC0-301F-11D3-BF4B-00C04F79EFBC}") = "myMacVS", "myMacVS.csproj", "{480E1E9C-0AAC-4C8B-B02C-8471A1E750B8}"
EndProject
Project("{FAE04EC0-301F-11D3-BF4B-00C04F79EFBC}") = "test-MyMacVS", "test-MyMacVS\test-MyMacVS\test-MyMacVS.csproj", "{B79CF941-2252-4843-A898-E09C798D6BF1}"
EndProject
Global
	GlobalSection(SolutionConfigurationPlatforms) = preSolution
		Debug|Any CPU = Debug|Any CPU
		Release|Any CPU = Release|Any CPU
	EndGlobalSection
	GlobalSection(ProjectConfigurationPlatforms) = postSolution
		{480E1E9C-0AAC-4C8B-B02C-8471A1E750B8}.Debug|Any CPU.ActiveCfg = Debug|Any CPU
		{480E1E9C-0AAC-4C8B-B02C-8471A1E750B8}.Debug|Any CPU.Build.0 = Debug|Any CPU
		{480E1E9C-0AAC-4C8B-B02C-8471A1E750B8}.Release|Any CPU.ActiveCfg = Release|Any CPU
		{480E1E9C-0AAC-4C8B-B02C-8471A1E750B8}.Release|Any CPU.Build.0 = Release|Any CPU
		{B79CF941-2252-4843-A898-E09C798D6BF1}.Debug|Any CPU.ActiveCfg = Debug|Any CPU
		{B79CF941-2252-4843-A898-E09C798D6BF1}.Debug|Any CPU.Build.0 = Debug|Any CPU
		{B79CF941-2252-4843-A898-E09C798D6BF1}.Release|Any CPU.ActiveCfg = Release|Any CPU
		{B79CF941-2252-4843-A898-E09C798D6BF1}.Release|Any CPU.Build.0 = Release|Any CPU
	EndGlobalSection
	GlobalSection(SolutionProperties) = preSolution
		HideSolutionNode = FALSE
	EndGlobalSection
	GlobalSection(ExtensibilityGlobals) = postSolution
		SolutionGuid = {7932C40B-80D0-4A93-BB6A-21B3DDA7292B}
	EndGlobalSection
EndGlobal
